
Microsoft Visual Studio Solution File, Format Version 12.00
# Visual Studio 15
VisualStudioVersion = 15.0.27428.2015
MinimumVisualStudioVersion = 10.0.40219.1
Project("{FAE04EC0-301F-11D3-BF4B-00C04F79EFBC}") = "HamburgerIcon.Android", "HamburgerIcon\HamburgerIcon.Android\HamburgerIcon.Android.csproj", "{7AA113A4-AD4C-4D67-95B2-E9F5AA7046FA}"
EndProject
Project("{FAE04EC0-301F-11D3-BF4B-00C04F79EFBC}") = "HamburgerIcon.iOS", "HamburgerIcon\HamburgerIcon.iOS\HamburgerIcon.iOS.csproj", "{617841C1-2BFE-4751-93D2-FBA2BA7EC34A}"
EndProject
Project("{FAE04EC0-301F-11D3-BF4B-00C04F79EFBC}") = "HamburgerIcon.UWP", "HamburgerIcon\HamburgerIcon.UWP\HamburgerIcon.UWP.csproj", "{96DCEC5E-0FF1-4E44-9BB6-C8DBA1088228}"
EndProject
Project("{FAE04EC0-301F-11D3-BF4B-00C04F79EFBC}") = "HamburgerIcon", "HamburgerIcon\HamburgerIcon\HamburgerIcon.csproj", "{7D92D797-5CD0-401C-BA81-A31CB44B21BD}"
EndProject
Global
	GlobalSection(SolutionConfigurationPlatforms) = preSolution
		Ad-Hoc|Any CPU = Ad-Hoc|Any CPU
		Ad-Hoc|ARM = Ad-Hoc|ARM
		Ad-Hoc|iPhone = Ad-Hoc|iPhone
		Ad-Hoc|iPhoneSimulator = Ad-Hoc|iPhoneSimulator
		Ad-Hoc|x64 = Ad-Hoc|x64
		Ad-Hoc|x86 = Ad-Hoc|x86
		AppStore|Any CPU = AppStore|Any CPU
		AppStore|ARM = AppStore|ARM
		AppStore|iPhone = AppStore|iPhone
		AppStore|iPhoneSimulator = AppStore|iPhoneSimulator
		AppStore|x64 = AppStore|x64
		AppStore|x86 = AppStore|x86
		Debug|Any CPU = Debug|Any CPU
		Debug|ARM = Debug|ARM
		Debug|iPhone = Debug|iPhone
		Debug|iPhoneSimulator = Debug|iPhoneSimulator
		Debug|x64 = Debug|x64
		Debug|x86 = Debug|x86
		Release|Any CPU = Release|Any CPU
		Release|ARM = Release|ARM
		Release|iPhone = Release|iPhone
		Release|iPhoneSimulator = Release|iPhoneSimulator
		Release|x64 = Release|x64
		Release|x86 = Release|x86
	EndGlobalSection
	GlobalSection(ProjectConfigurationPlatforms) = postSolution
		{7AA113A4-AD4C-4D67-95B2-E9F5AA7046FA}.Ad-Hoc|Any CPU.ActiveCfg = Release|Any CPU
		{7AA113A4-AD4C-4D67-95B2-E9F5AA7046FA}.Ad-Hoc|Any CPU.Build.0 = Release|Any CPU
		{7AA113A4-AD4C-4D67-95B2-E9F5AA7046FA}.Ad-Hoc|Any CPU.Deploy.0 = Release|Any CPU
		{7AA113A4-AD4C-4D67-95B2-E9F5AA7046FA}.Ad-Hoc|ARM.ActiveCfg = Release|Any CPU
		{7AA113A4-AD4C-4D67-95B2-E9F5AA7046FA}.Ad-Hoc|ARM.Build.0 = Release|Any CPU
		{7AA113A4-AD4C-4D67-95B2-E9F5AA7046FA}.Ad-Hoc|ARM.Deploy.0 = Release|Any CPU
		{7AA113A4-AD4C-4D67-95B2-E9F5AA7046FA}.Ad-Hoc|iPhone.ActiveCfg = Release|Any CPU
		{7AA113A4-AD4C-4D67-95B2-E9F5AA7046FA}.Ad-Hoc|iPhone.Build.0 = Release|Any CPU
		{7AA113A4-AD4C-4D67-95B2-E9F5AA7046FA}.Ad-Hoc|iPhone.Deploy.0 = Release|Any CPU
		{7AA113A4-AD4C-4D67-95B2-E9F5AA7046FA}.Ad-Hoc|iPhoneSimulator.ActiveCfg = Release|Any CPU
		{7AA113A4-AD4C-4D67-95B2-E9F5AA7046FA}.Ad-Hoc|iPhoneSimulator.Build.0 = Release|Any CPU
		{7AA113A4-AD4C-4D67-95B2-E9F5AA7046FA}.Ad-Hoc|iPhoneSimulator.Deploy.0 = Release|Any CPU
		{7AA113A4-AD4C-4D67-95B2-E9F5AA7046FA}.Ad-Hoc|x64.ActiveCfg = Release|Any CPU
		{7AA113A4-AD4C-4D67-95B2-E9F5AA7046FA}.Ad-Hoc|x64.Build.0 = Release|Any CPU
		{7AA113A4-AD4C-4D67-95B2-E9F5AA7046FA}.Ad-Hoc|x64.Deploy.0 = Release|Any CPU
		{7AA113A4-AD4C-4D67-95B2-E9F5AA7046FA}.Ad-Hoc|x86.ActiveCfg = Release|Any CPU
		{7AA113A4-AD4C-4D67-95B2-E9F5AA7046FA}.Ad-Hoc|x86.Build.0 = Release|Any CPU
		{7AA113A4-AD4C-4D67-95B2-E9F5AA7046FA}.Ad-Hoc|x86.Deploy.0 = Release|Any CPU
		{7AA113A4-AD4C-4D67-95B2-E9F5AA7046FA}.AppStore|Any CPU.ActiveCfg = Release|Any CPU
		{7AA113A4-AD4C-4D67-95B2-E9F5AA7046FA}.AppStore|Any CPU.Build.0 = Release|Any CPU
		{7AA113A4-AD4C-4D67-95B2-E9F5AA7046FA}.AppStore|Any CPU.Deploy.0 = Release|Any CPU
		{7AA113A4-AD4C-4D67-95B2-E9F5AA7046FA}.AppStore|ARM.ActiveCfg = Release|Any CPU
		{7AA113A4-AD4C-4D67-95B2-E9F5AA7046FA}.AppStore|ARM.Build.0 = Release|Any CPU
		{7AA113A4-AD4C-4D67-95B2-E9F5AA7046FA}.AppStore|ARM.Deploy.0 = Release|Any CPU
		{7AA113A4-AD4C-4D67-95B2-E9F5AA7046FA}.AppStore|iPhone.ActiveCfg = Release|Any CPU
		{7AA113A4-AD4C-4D67-95B2-E9F5AA7046FA}.AppStore|iPhone.Build.0 = Release|Any CPU
		{7AA113A4-AD4C-4D67-95B2-E9F5AA7046FA}.AppStore|iPhone.Deploy.0 = Release|Any CPU
		{7AA113A4-AD4C-4D67-95B2-E9F5AA7046FA}.AppStore|iPhoneSimulator.ActiveCfg = Release|Any CPU
		{7AA113A4-AD4C-4D67-95B2-E9F5AA7046FA}.AppStore|iPhoneSimulator.Build.0 = Release|Any CPU
		{7AA113A4-AD4C-4D67-95B2-E9F5AA7046FA}.AppStore|iPhoneSimulator.Deploy.0 = Release|Any CPU
		{7AA113A4-AD4C-4D67-95B2-E9F5AA7046FA}.AppStore|x64.ActiveCfg = Release|Any CPU
		{7AA113A4-AD4C-4D67-95B2-E9F5AA7046FA}.AppStore|x64.Build.0 = Release|Any CPU
		{7AA113A4-AD4C-4D67-95B2-E9F5AA7046FA}.AppStore|x64.Deploy.0 = Release|Any CPU
		{7AA113A4-AD4C-4D67-95B2-E9F5AA7046FA}.AppStore|x86.ActiveCfg = Release|Any CPU
		{7AA113A4-AD4C-4D67-95B2-E9F5AA7046FA}.AppStore|x86.Build.0 = Release|Any CPU
		{7AA113A4-AD4C-4D67-95B2-E9F5AA7046FA}.AppStore|x86.Deploy.0 = Release|Any CPU
		{7AA113A4-AD4C-4D67-95B2-E9F5AA7046FA}.Debug|Any CPU.ActiveCfg = Debug|Any CPU
		{7AA113A4-AD4C-4D67-95B2-E9F5AA7046FA}.Debug|Any CPU.Build.0 = Debug|Any CPU
		{7AA113A4-AD4C-4D67-95B2-E9F5AA7046FA}.Debug|Any CPU.Deploy.0 = Debug|Any CPU
		{7AA113A4-AD4C-4D67-95B2-E9F5AA7046FA}.Debug|ARM.ActiveCfg = Debug|Any CPU
		{7AA113A4-AD4C-4D67-95B2-E9F5AA7046FA}.Debug|ARM.Build.0 = Debug|Any CPU
		{7AA113A4-AD4C-4D67-95B2-E9F5AA7046FA}.Debug|ARM.Deploy.0 = Debug|Any CPU
		{7AA113A4-AD4C-4D67-95B2-E9F5AA7046FA}.Debug|iPhone.ActiveCfg = Debug|Any CPU
		{7AA113A4-AD4C-4D67-95B2-E9F5AA7046FA}.Debug|iPhone.Build.0 = Debug|Any CPU
		{7AA113A4-AD4C-4D67-95B2-E9F5AA7046FA}.Debug|iPhone.Deploy.0 = Debug|Any CPU
		{7AA113A4-AD4C-4D67-95B2-E9F5AA7046FA}.Debug|iPhoneSimulator.ActiveCfg = Debug|Any CPU
		{7AA113A4-AD4C-4D67-95B2-E9F5AA7046FA}.Debug|iPhoneSimulator.Build.0 = Debug|Any CPU
		{7AA113A4-AD4C-4D67-95B2-E9F5AA7046FA}.Debug|iPhoneSimulator.Deploy.0 = Debug|Any CPU
		{7AA113A4-AD4C-4D67-95B2-E9F5AA7046FA}.Debug|x64.ActiveCfg = Debug|Any CPU
		{7AA113A4-AD4C-4D67-95B2-E9F5AA7046FA}.Debug|x64.Build.0 = Debug|Any CPU
		{7AA113A4-AD4C-4D67-95B2-E9F5AA7046FA}.Debug|x64.Deploy.0 = Debug|Any CPU
		{7AA113A4-AD4C-4D67-95B2-E9F5AA7046FA}.Debug|x86.ActiveCfg = Debug|Any CPU
		{7AA113A4-AD4C-4D67-95B2-E9F5AA7046FA}.Debug|x86.Build.0 = Debug|Any CPU
		{7AA113A4-AD4C-4D67-95B2-E9F5AA7046FA}.Debug|x86.Deploy.0 = Debug|Any CPU
		{7AA113A4-AD4C-4D67-95B2-E9F5AA7046FA}.Release|Any CPU.ActiveCfg = Release|Any CPU
		{7AA113A4-AD4C-4D67-95B2-E9F5AA7046FA}.Release|Any CPU.Build.0 = Release|Any CPU
		{7AA113A4-AD4C-4D67-95B2-E9F5AA7046FA}.Release|Any CPU.Deploy.0 = Release|Any CPU
		{7AA113A4-AD4C-4D67-95B2-E9F5AA7046FA}.Release|ARM.ActiveCfg = Release|Any CPU
		{7AA113A4-AD4C-4D67-95B2-E9F5AA7046FA}.Release|ARM.Build.0 = Release|Any CPU
		{7AA113A4-AD4C-4D67-95B2-E9F5AA7046FA}.Release|ARM.Deploy.0 = Release|Any CPU
		{7AA113A4-AD4C-4D67-95B2-E9F5AA7046FA}.Release|iPhone.ActiveCfg = Release|Any CPU
		{7AA113A4-AD4C-4D67-95B2-E9F5AA7046FA}.Release|iPhone.Build.0 = Release|Any CPU
		{7AA113A4-AD4C-4D67-95B2-E9F5AA7046FA}.Release|iPhone.Deploy.0 = Release|Any CPU
		{7AA113A4-AD4C-4D67-95B2-E9F5AA7046FA}.Release|iPhoneSimulator.ActiveCfg = Release|Any CPU
		{7AA113A4-AD4C-4D67-95B2-E9F5AA7046FA}.Release|iPhoneSimulator.Build.0 = Release|Any CPU
		{7AA113A4-AD4C-4D67-95B2-E9F5AA7046FA}.Release|iPhoneSimulator.Deploy.0 = Release|Any CPU
		{7AA113A4-AD4C-4D67-95B2-E9F5AA7046FA}.Release|x64.ActiveCfg = Release|Any CPU
		{7AA113A4-AD4C-4D67-95B2-E9F5AA7046FA}.Release|x64.Build.0 = Release|Any CPU
		{7AA113A4-AD4C-4D67-95B2-E9F5AA7046FA}.Release|x64.Deploy.0 = Release|Any CPU
		{7AA113A4-AD4C-4D67-95B2-E9F5AA7046FA}.Release|x86.ActiveCfg = Release|Any CPU
		{7AA113A4-AD4C-4D67-95B2-E9F5AA7046FA}.Release|x86.Build.0 = Release|Any CPU
		{7AA113A4-AD4C-4D67-95B2-E9F5AA7046FA}.Release|x86.Deploy.0 = Release|Any CPU
		{617841C1-2BFE-4751-93D2-FBA2BA7EC34A}.Ad-Hoc|Any CPU.ActiveCfg = Ad-Hoc|iPhone
		{617841C1-2BFE-4751-93D2-FBA2BA7EC34A}.Ad-Hoc|ARM.ActiveCfg = Ad-Hoc|iPhone
		{617841C1-2BFE-4751-93D2-FBA2BA7EC34A}.Ad-Hoc|iPhone.ActiveCfg = Ad-Hoc|iPhone
		{617841C1-2BFE-4751-93D2-FBA2BA7EC34A}.Ad-Hoc|iPhone.Build.0 = Ad-Hoc|iPhone
		{617841C1-2BFE-4751-93D2-FBA2BA7EC34A}.Ad-Hoc|iPhoneSimulator.ActiveCfg = Ad-Hoc|iPhoneSimulator
		{617841C1-2BFE-4751-93D2-FBA2BA7EC34A}.Ad-Hoc|iPhoneSimulator.Build.0 = Ad-Hoc|iPhoneSimulator
		{617841C1-2BFE-4751-93D2-FBA2BA7EC34A}.Ad-Hoc|x64.ActiveCfg = Ad-Hoc|iPhone
		{617841C1-2BFE-4751-93D2-FBA2BA7EC34A}.Ad-Hoc|x86.ActiveCfg = Ad-Hoc|iPhone
		{617841C1-2BFE-4751-93D2-FBA2BA7EC34A}.AppStore|Any CPU.ActiveCfg = AppStore|iPhone
		{617841C1-2BFE-4751-93D2-FBA2BA7EC34A}.AppStore|ARM.ActiveCfg = AppStore|iPhone
		{617841C1-2BFE-4751-93D2-FBA2BA7EC34A}.AppStore|iPhone.ActiveCfg = AppStore|iPhone
		{617841C1-2BFE-4751-93D2-FBA2BA7EC34A}.AppStore|iPhone.Build.0 = AppStore|iPhone
		{617841C1-2BFE-4751-93D2-FBA2BA7EC34A}.AppStore|iPhoneSimulator.ActiveCfg = AppStore|iPhoneSimulator
		{617841C1-2BFE-4751-93D2-FBA2BA7EC34A}.AppStore|iPhoneSimulator.Build.0 = AppStore|iPhoneSimulator
		{617841C1-2BFE-4751-93D2-FBA2BA7EC34A}.AppStore|x64.ActiveCfg = AppStore|iPhone
		{617841C1-2BFE-4751-93D2-FBA2BA7EC34A}.AppStore|x86.ActiveCfg = AppStore|iPhone
		{617841C1-2BFE-4751-93D2-FBA2BA7EC34A}.Debug|Any CPU.ActiveCfg = Debug|iPhone
		{617841C1-2BFE-4751-93D2-FBA2BA7EC34A}.Debug|ARM.ActiveCfg = Debug|iPhone
		{617841C1-2BFE-4751-93D2-FBA2BA7EC34A}.Debug|iPhone.ActiveCfg = Debug|iPhone
		{617841C1-2BFE-4751-93D2-FBA2BA7EC34A}.Debug|iPhone.Build.0 = Debug|iPhone
		{617841C1-2BFE-4751-93D2-FBA2BA7EC34A}.Debug|iPhoneSimulator.ActiveCfg = Debug|iPhoneSimulator
		{617841C1-2BFE-4751-93D2-FBA2BA7EC34A}.Debug|iPhoneSimulator.Build.0 = Debug|iPhoneSimulator
		{617841C1-2BFE-4751-93D2-FBA2BA7EC34A}.Debug|x64.ActiveCfg = Debug|iPhone
		{617841C1-2BFE-4751-93D2-FBA2BA7EC34A}.Debug|x86.ActiveCfg = Debug|iPhone
		{617841C1-2BFE-4751-93D2-FBA2BA7EC34A}.Release|Any CPU.ActiveCfg = Release|iPhone
		{617841C1-2BFE-4751-93D2-FBA2BA7EC34A}.Release|ARM.ActiveCfg = Release|iPhone
		{617841C1-2BFE-4751-93D2-FBA2BA7EC34A}.Release|iPhone.ActiveCfg = Release|iPhone
		{617841C1-2BFE-4751-93D2-FBA2BA7EC34A}.Release|iPhone.Build.0 = Release|iPhone
		{617841C1-2BFE-4751-93D2-FBA2BA7EC34A}.Release|iPhoneSimulator.ActiveCfg = Release|iPhoneSimulator
		{617841C1-2BFE-4751-93D2-FBA2BA7EC34A}.Release|iPhoneSimulator.Build.0 = Release|iPhoneSimulator
		{617841C1-2BFE-4751-93D2-FBA2BA7EC34A}.Release|x64.ActiveCfg = Release|iPhone
		{617841C1-2BFE-4751-93D2-FBA2BA7EC34A}.Release|x86.ActiveCfg = Release|iPhone
		{96DCEC5E-0FF1-4E44-9BB6-C8DBA1088228}.Ad-Hoc|Any CPU.ActiveCfg = Release|x86
		{96DCEC5E-0FF1-4E44-9BB6-C8DBA1088228}.Ad-Hoc|Any CPU.Build.0 = Release|x86
		{96DCEC5E-0FF1-4E44-9BB6-C8DBA1088228}.Ad-Hoc|Any CPU.Deploy.0 = Release|x86
		{96DCEC5E-0FF1-4E44-9BB6-C8DBA1088228}.Ad-Hoc|ARM.ActiveCfg = Release|ARM
		{96DCEC5E-0FF1-4E44-9BB6-C8DBA1088228}.Ad-Hoc|ARM.Build.0 = Release|ARM
		{96DCEC5E-0FF1-4E44-9BB6-C8DBA1088228}.Ad-Hoc|ARM.Deploy.0 = Release|ARM
		{96DCEC5E-0FF1-4E44-9BB6-C8DBA1088228}.Ad-Hoc|iPhone.ActiveCfg = Release|x86
		{96DCEC5E-0FF1-4E44-9BB6-C8DBA1088228}.Ad-Hoc|iPhone.Build.0 = Release|x86
		{96DCEC5E-0FF1-4E44-9BB6-C8DBA1088228}.Ad-Hoc|iPhone.Deploy.0 = Release|x86
		{96DCEC5E-0FF1-4E44-9BB6-C8DBA1088228}.Ad-Hoc|iPhoneSimulator.ActiveCfg = Release|x86
		{96DCEC5E-0FF1-4E44-9BB6-C8DBA1088228}.Ad-Hoc|iPhoneSimulator.Build.0 = Release|x86
		{96DCEC5E-0FF1-4E44-9BB6-C8DBA1088228}.Ad-Hoc|iPhoneSimulator.Deploy.0 = Release|x86
		{96DCEC5E-0FF1-4E44-9BB6-C8DBA1088228}.Ad-Hoc|x64.ActiveCfg = Release|x64
		{96DCEC5E-0FF1-4E44-9BB6-C8DBA1088228}.Ad-Hoc|x64.Build.0 = Release|x64
		{96DCEC5E-0FF1-4E44-9BB6-C8DBA1088228}.Ad-Hoc|x64.Deploy.0 = Release|x64
		{96DCEC5E-0FF1-4E44-9BB6-C8DBA1088228}.Ad-Hoc|x86.ActiveCfg = Release|x86
		{96DCEC5E-0FF1-4E44-9BB6-C8DBA1088228}.Ad-Hoc|x86.Build.0 = Release|x86
		{96DCEC5E-0FF1-4E44-9BB6-C8DBA1088228}.Ad-Hoc|x86.Deploy.0 = Release|x86
		{96DCEC5E-0FF1-4E44-9BB6-C8DBA1088228}.AppStore|Any CPU.ActiveCfg = Release|x86
		{96DCEC5E-0FF1-4E44-9BB6-C8DBA1088228}.AppStore|Any CPU.Build.0 = Release|x86
		{96DCEC5E-0FF1-4E44-9BB6-C8DBA1088228}.AppStore|Any CPU.Deploy.0 = Release|x86
		{96DCEC5E-0FF1-4E44-9BB6-C8DBA1088228}.AppStore|ARM.ActiveCfg = Release|ARM
		{96DCEC5E-0FF1-4E44-9BB6-C8DBA1088228}.AppStore|ARM.Build.0 = Release|ARM
		{96DCEC5E-0FF1-4E44-9BB6-C8DBA1088228}.AppStore|ARM.Deploy.0 = Release|ARM
		{96DCEC5E-0FF1-4E44-9BB6-C8DBA1088228}.AppStore|iPhone.ActiveCfg = Release|x86
		{96DCEC5E-0FF1-4E44-9BB6-C8DBA1088228}.AppStore|iPhone.Build.0 = Release|x86
		{96DCEC5E-0FF1-4E44-9BB6-C8DBA1088228}.AppStore|iPhone.Deploy.0 = Release|x86
		{96DCEC5E-0FF1-4E44-9BB6-C8DBA1088228}.AppStore|iPhoneSimulator.ActiveCfg = Release|x86
		{96DCEC5E-0FF1-4E44-9BB6-C8DBA1088228}.AppStore|iPhoneSimulator.Build.0 = Release|x86
		{96DCEC5E-0FF1-4E44-9BB6-C8DBA1088228}.AppStore|iPhoneSimulator.Deploy.0 = Release|x86
		{96DCEC5E-0FF1-4E44-9BB6-C8DBA1088228}.AppStore|x64.ActiveCfg = Release|x64
		{96DCEC5E-0FF1-4E44-9BB6-C8DBA1088228}.AppStore|x64.Build.0 = Release|x64
		{96DCEC5E-0FF1-4E44-9BB6-C8DBA1088228}.AppStore|x64.Deploy.0 = Release|x64
		{96DCEC5E-0FF1-4E44-9BB6-C8DBA1088228}.AppStore|x86.ActiveCfg = Release|x86
		{96DCEC5E-0FF1-4E44-9BB6-C8DBA1088228}.AppStore|x86.Build.0 = Release|x86
		{96DCEC5E-0FF1-4E44-9BB6-C8DBA1088228}.AppStore|x86.Deploy.0 = Release|x86
		{96DCEC5E-0FF1-4E44-9BB6-C8DBA1088228}.Debug|Any CPU.ActiveCfg = Debug|x86
		{96DCEC5E-0FF1-4E44-9BB6-C8DBA1088228}.Debug|ARM.ActiveCfg = Debug|ARM
		{96DCEC5E-0FF1-4E44-9BB6-C8DBA1088228}.Debug|ARM.Build.0 = Debug|ARM
		{96DCEC5E-0FF1-4E44-9BB6-C8DBA1088228}.Debug|ARM.Deploy.0 = Debug|ARM
		{96DCEC5E-0FF1-4E44-9BB6-C8DBA1088228}.Debug|iPhone.ActiveCfg = Debug|x86
		{96DCEC5E-0FF1-4E44-9BB6-C8DBA1088228}.Debug|iPhoneSimulator.ActiveCfg = Debug|x86
		{96DCEC5E-0FF1-4E44-9BB6-C8DBA1088228}.Debug|x64.ActiveCfg = Debug|x64
		{96DCEC5E-0FF1-4E44-9BB6-C8DBA1088228}.Debug|x64.Build.0 = Debug|x64
		{96DCEC5E-0FF1-4E44-9BB6-C8DBA1088228}.Debug|x64.Deploy.0 = Debug|x64
		{96DCEC5E-0FF1-4E44-9BB6-C8DBA1088228}.Debug|x86.ActiveCfg = Debug|x86
		{96DCEC5E-0FF1-4E44-9BB6-C8DBA1088228}.Debug|x86.Build.0 = Debug|x86
		{96DCEC5E-0FF1-4E44-9BB6-C8DBA1088228}.Debug|x86.Deploy.0 = Debug|x86
		{96DCEC5E-0FF1-4E44-9BB6-C8DBA1088228}.Release|Any CPU.ActiveCfg = Release|x86
		{96DCEC5E-0FF1-4E44-9BB6-C8DBA1088228}.Release|ARM.ActiveCfg = Release|ARM
		{96DCEC5E-0FF1-4E44-9BB6-C8DBA1088228}.Release|ARM.Build.0 = Release|ARM
		{96DCEC5E-0FF1-4E44-9BB6-C8DBA1088228}.Release|ARM.Deploy.0 = Release|ARM
		{96DCEC5E-0FF1-4E44-9BB6-C8DBA1088228}.Release|iPhone.ActiveCfg = Release|x86
		{96DCEC5E-0FF1-4E44-9BB6-C8DBA1088228}.Release|iPhoneSimulator.ActiveCfg = Release|x86
		{96DCEC5E-0FF1-4E44-9BB6-C8DBA1088228}.Release|x64.ActiveCfg = Release|x64
		{96DCEC5E-0FF1-4E44-9BB6-C8DBA1088228}.Release|x64.Build.0 = Release|x64
		{96DCEC5E-0FF1-4E44-9BB6-C8DBA1088228}.Release|x64.Deploy.0 = Release|x64
		{96DCEC5E-0FF1-4E44-9BB6-C8DBA1088228}.Release|x86.ActiveCfg = Release|x86
		{96DCEC5E-0FF1-4E44-9BB6-C8DBA1088228}.Release|x86.Build.0 = Release|x86
		{96DCEC5E-0FF1-4E44-9BB6-C8DBA1088228}.Release|x86.Deploy.0 = Release|x86
		{7D92D797-5CD0-401C-BA81-A31CB44B21BD}.Ad-Hoc|Any CPU.ActiveCfg = Debug|Any CPU
		{7D92D797-5CD0-401C-BA81-A31CB44B21BD}.Ad-Hoc|Any CPU.Build.0 = Debug|Any CPU
		{7D92D797-5CD0-401C-BA81-A31CB44B21BD}.Ad-Hoc|ARM.ActiveCfg = Debug|Any CPU
		{7D92D797-5CD0-401C-BA81-A31CB44B21BD}.Ad-Hoc|ARM.Build.0 = Debug|Any CPU
		{7D92D797-5CD0-401C-BA81-A31CB44B21BD}.Ad-Hoc|iPhone.ActiveCfg = Debug|Any CPU
		{7D92D797-5CD0-401C-BA81-A31CB44B21BD}.Ad-Hoc|iPhone.Build.0 = Debug|Any CPU
		{7D92D797-5CD0-401C-BA81-A31CB44B21BD}.Ad-Hoc|iPhoneSimulator.ActiveCfg = Debug|Any CPU
		{7D92D797-5CD0-401C-BA81-A31CB44B21BD}.Ad-Hoc|iPhoneSimulator.Build.0 = Debug|Any CPU
		{7D92D797-5CD0-401C-BA81-A31CB44B21BD}.Ad-Hoc|x64.ActiveCfg = Debug|Any CPU
		{7D92D797-5CD0-401C-BA81-A31CB44B21BD}.Ad-Hoc|x64.Build.0 = Debug|Any CPU
		{7D92D797-5CD0-401C-BA81-A31CB44B21BD}.Ad-Hoc|x86.ActiveCfg = Debug|Any CPU
		{7D92D797-5CD0-401C-BA81-A31CB44B21BD}.Ad-Hoc|x86.Build.0 = Debug|Any CPU
		{7D92D797-5CD0-401C-BA81-A31CB44B21BD}.AppStore|Any CPU.ActiveCfg = Debug|Any CPU
		{7D92D797-5CD0-401C-BA81-A31CB44B21BD}.AppStore|Any CPU.Build.0 = Debug|Any CPU
		{7D92D797-5CD0-401C-BA81-A31CB44B21BD}.AppStore|ARM.ActiveCfg = Debug|Any CPU
		{7D92D797-5CD0-401C-BA81-A31CB44B21BD}.AppStore|ARM.Build.0 = Debug|Any CPU
		{7D92D797-5CD0-401C-BA81-A31CB44B21BD}.AppStore|iPhone.ActiveCfg = Debug|Any CPU
		{7D92D797-5CD0-401C-BA81-A31CB44B21BD}.AppStore|iPhone.Build.0 = Debug|Any CPU
		{7D92D797-5CD0-401C-BA81-A31CB44B21BD}.AppStore|iPhoneSimulator.ActiveCfg = Debug|Any CPU
		{7D92D797-5CD0-401C-BA81-A31CB44B21BD}.AppStore|iPhoneSimulator.Build.0 = Debug|Any CPU
		{7D92D797-5CD0-401C-BA81-A31CB44B21BD}.AppStore|x64.ActiveCfg = Debug|Any CPU
		{7D92D797-5CD0-401C-BA81-A31CB44B21BD}.AppStore|x64.Build.0 = Debug|Any CPU
		{7D92D797-5CD0-401C-BA81-A31CB44B21BD}.AppStore|x86.ActiveCfg = Debug|Any CPU
		{7D92D797-5CD0-401C-BA81-A31CB44B21BD}.AppStore|x86.Build.0 = Debug|Any CPU
		{7D92D797-5CD0-401C-BA81-A31CB44B21BD}.Debug|Any CPU.ActiveCfg = Debug|Any CPU
		{7D92D797-5CD0-401C-BA81-A31CB44B21BD}.Debug|Any CPU.Build.0 = Debug|Any CPU
		{7D92D797-5CD0-401C-BA81-A31CB44B21BD}.Debug|ARM.ActiveCfg = Debug|Any CPU
		{7D92D797-5CD0-401C-BA81-A31CB44B21BD}.Debug|ARM.Build.0 = Debug|Any CPU
		{7D92D797-5CD0-401C-BA81-A31CB44B21BD}.Debug|iPhone.ActiveCfg = Debug|Any CPU
		{7D92D797-5CD0-401C-BA81-A31CB44B21BD}.Debug|iPhone.Build.0 = Debug|Any CPU
		{7D92D797-5CD0-401C-BA81-A31CB44B21BD}.Debug|iPhoneSimulator.ActiveCfg = Debug|Any CPU
		{7D92D797-5CD0-401C-BA81-A31CB44B21BD}.Debug|iPhoneSimulator.Build.0 = Debug|Any CPU
		{7D92D797-5CD0-401C-BA81-A31CB44B21BD}.Debug|x64.ActiveCfg = Debug|Any CPU
		{7D92D797-5CD0-401C-BA81-A31CB44B21BD}.Debug|x64.Build.0 = Debug|Any CPU
		{7D92D797-5CD0-401C-BA81-A31CB44B21BD}.Debug|x86.ActiveCfg = Debug|Any CPU
		{7D92D797-5CD0-401C-BA81-A31CB44B21BD}.Debug|x86.Build.0 = Debug|Any CPU
		{7D92D797-5CD0-401C-BA81-A31CB44B21BD}.Release|Any CPU.ActiveCfg = Release|Any CPU
		{7D92D797-5CD0-401C-BA81-A31CB44B21BD}.Release|Any CPU.Build.0 = Release|Any CPU
		{7D92D797-5CD0-401C-BA81-A31CB44B21BD}.Release|ARM.ActiveCfg = Release|Any CPU
		{7D92D797-5CD0-401C-BA81-A31CB44B21BD}.Release|ARM.Build.0 = Release|Any CPU
		{7D92D797-5CD0-401C-BA81-A31CB44B21BD}.Release|iPhone.ActiveCfg = Release|Any CPU
		{7D92D797-5CD0-401C-BA81-A31CB44B21BD}.Release|iPhone.Build.0 = Release|Any CPU
		{7D92D797-5CD0-401C-BA81-A31CB44B21BD}.Release|iPhoneSimulator.ActiveCfg = Release|Any CPU
		{7D92D797-5CD0-401C-BA81-A31CB44B21BD}.Release|iPhoneSimulator.Build.0 = Release|Any CPU
		{7D92D797-5CD0-401C-BA81-A31CB44B21BD}.Release|x64.ActiveCfg = Release|Any CPU
		{7D92D797-5CD0-401C-BA81-A31CB44B21BD}.Release|x64.Build.0 = Release|Any CPU
		{7D92D797-5CD0-401C-BA81-A31CB44B21BD}.Release|x86.ActiveCfg = Release|Any CPU
		{7D92D797-5CD0-401C-BA81-A31CB44B21BD}.Release|x86.Build.0 = Release|Any CPU
	EndGlobalSection
	GlobalSection(SolutionProperties) = preSolution
		HideSolutionNode = FALSE
	EndGlobalSection
	GlobalSection(ExtensibilityGlobals) = postSolution
		SolutionGuid = {CA59EFC4-4808-4345-B09C-791FA2F11B4F}
	EndGlobalSection
EndGlobal
